
Microsoft Visual Studio Solution File, Format Version 12.00
# Visual Studio Version 17
VisualStudioVersion = 17.4.33403.182
MinimumVisualStudioVersion = 10.0.40219.1
Project("{FAE04EC0-301F-11D3-BF4B-00C04F79EFBC}") = "laba 5", "laba 5.csproj", "{BFA2F34B-99B7-4EE2-8D2E-EF839B8343EB}"
EndProject
Global
	GlobalSection(SolutionConfigurationPlatforms) = preSolution
		Debug|Any CPU = Debug|Any CPU
		Release|Any CPU = Release|Any CPU
	EndGlobalSection
	GlobalSection(ProjectConfigurationPlatforms) = postSolution
		{BFA2F34B-99B7-4EE2-8D2E-EF839B8343EB}.Debug|Any CPU.ActiveCfg = Debug|Any CPU
		{BFA2F34B-99B7-4EE2-8D2E-EF839B8343EB}.Debug|Any CPU.Build.0 = Debug|Any CPU
		{BFA2F34B-99B7-4EE2-8D2E-EF839B8343EB}.Release|Any CPU.ActiveCfg = Release|Any CPU
		{BFA2F34B-99B7-4EE2-8D2E-EF839B8343EB}.Release|Any CPU.Build.0 = Release|Any CPU
	EndGlobalSection
	GlobalSection(SolutionProperties) = preSolution
		HideSolutionNode = FALSE
	EndGlobalSection
	GlobalSection(ExtensibilityGlobals) = postSolution
		SolutionGuid = {6818A999-7123-4BDC-B4FB-D0DB227E243E}
	EndGlobalSection
EndGlobal
